
Microsoft Visual Studio Solution File, Format Version 12.00
# Visual Studio Version 17
VisualStudioVersion = 17.11.35327.3
MinimumVisualStudioVersion = 10.0.40219.1
Project("{FAE04EC0-301F-11D3-BF4B-00C04F79EFBC}") = "Assignment", "Assignment\Assignment.csproj", "{4B6BD5DB-7813-4609-BD0C-3F038F5F3D9D}"
EndProject
Global
	GlobalSection(SolutionConfigurationPlatforms) = preSolution
		Debug|Any CPU = Debug|Any CPU
		Release|Any CPU = Release|Any CPU
	EndGlobalSection
	GlobalSection(ProjectConfigurationPlatforms) = postSolution
		{4B6BD5DB-7813-4609-BD0C-3F038F5F3D9D}.Debug|Any CPU.ActiveCfg = Debug|Any CPU
		{4B6BD5DB-7813-4609-BD0C-3F038F5F3D9D}.Debug|Any CPU.Build.0 = Debug|Any CPU
		{4B6BD5DB-7813-4609-BD0C-3F038F5F3D9D}.Release|Any CPU.ActiveCfg = Release|Any CPU
		{4B6BD5DB-7813-4609-BD0C-3F038F5F3D9D}.Release|Any CPU.Build.0 = Release|Any CPU
	EndGlobalSection
	GlobalSection(SolutionProperties) = preSolution
		HideSolutionNode = FALSE
	EndGlobalSection
	GlobalSection(ExtensibilityGlobals) = postSolution
		SolutionGuid = {A9EB2A77-58EA-4B8E-8545-11089133D8B3}
	EndGlobalSection
EndGlobal
